
Microsoft Visual Studio Solution File, Format Version 12.00
# Visual Studio Version 17
VisualStudioVersion = 17.9.34616.47
MinimumVisualStudioVersion = 10.0.40219.1
Project("{FAE04EC0-301F-11D3-BF4B-00C04F79EFBC}") = "TiendaMateApi", "TiendaMateApi.csproj", "{A208E0A8-1D9B-4677-91AA-3DA2674D47DB}"
EndProject
Global
	GlobalSection(SolutionConfigurationPlatforms) = preSolution
		Debug|Any CPU = Debug|Any CPU
		Release|Any CPU = Release|Any CPU
	EndGlobalSection
	GlobalSection(ProjectConfigurationPlatforms) = postSolution
		{A208E0A8-1D9B-4677-91AA-3DA2674D47DB}.Debug|Any CPU.ActiveCfg = Debug|Any CPU
		{A208E0A8-1D9B-4677-91AA-3DA2674D47DB}.Debug|Any CPU.Build.0 = Debug|Any CPU
		{A208E0A8-1D9B-4677-91AA-3DA2674D47DB}.Release|Any CPU.ActiveCfg = Release|Any CPU
		{A208E0A8-1D9B-4677-91AA-3DA2674D47DB}.Release|Any CPU.Build.0 = Release|Any CPU
	EndGlobalSection
	GlobalSection(SolutionProperties) = preSolution
		HideSolutionNode = FALSE
	EndGlobalSection
	GlobalSection(ExtensibilityGlobals) = postSolution
		SolutionGuid = {03687E49-1B17-4BA4-945B-957D9C80E08A}
	EndGlobalSection
EndGlobal
